// !$*UTF8*$!
{
	archiveVersion = 1;
	classes = {
	};
	objectVersion = 51;
	objects = {

/* Begin PBXBuildFile section */
		24642A4F26C4D3C80070A602 /* AppDelegate.swift in Sources */ = {isa = PBXBuildFile; fileRef = 24642A4E26C4D3C80070A602 /* AppDelegate.swift */; };
		24642A5826C4D3CC0070A602 /* Assets.xcassets in Resources */ = {isa = PBXBuildFile; fileRef = 24642A5726C4D3CC0070A602 /* Assets.xcassets */; };
		24642A5B26C4D3CC0070A602 /* LaunchScreen.storyboard in Resources */ = {isa = PBXBuildFile; fileRef = 24642A5926C4D3CC0070A602 /* LaunchScreen.storyboard */; };
		24642A6826C4D55F0070A602 /* PhoneListController.swift in Sources */ = {isa = PBXBuildFile; fileRef = 24642A6726C4D55F0070A602 /* PhoneListController.swift */; };
		24642A6B26C4DF280070A602 /* Color.swift in Sources */ = {isa = PBXBuildFile; fileRef = 24642A6A26C4DF280070A602 /* Color.swift */; };
		24642A7726C4E8670070A602 /* Mobile.swift in Sources */ = {isa = PBXBuildFile; fileRef = 24642A7626C4E8670070A602 /* Mobile.swift */; };
		24642A7A26C4E8F80070A602 /* SCBTarget.swift in Sources */ = {isa = PBXBuildFile; fileRef = 24642A7926C4E8F80070A602 /* SCBTarget.swift */; };
		24642A8226C4ED8D0070A602 /* SCBRequestManager.swift in Sources */ = {isa = PBXBuildFile; fileRef = 24642A8126C4ED8D0070A602 /* SCBRequestManager.swift */; };
		C2244F00708990F8DD9D1D1A /* Pods_MobileBuyersGuide.framework in Frameworks */ = {isa = PBXBuildFile; fileRef = FAEC7D120E2779A254A9CFA1 /* Pods_MobileBuyersGuide.framework */; };
/* End PBXBuildFile section */

/* Begin PBXFileReference section */
		15E2A3F3C83DE4DE9E05E62F /* Pods-MobileBuyersGuide.release.xcconfig */ = {isa = PBXFileReference; includeInIndex = 1; lastKnownFileType = text.xcconfig; name = "Pods-MobileBuyersGuide.release.xcconfig"; path = "Target Support Files/Pods-MobileBuyersGuide/Pods-MobileBuyersGuide.release.xcconfig"; sourceTree = "<group>"; };
		24642A4B26C4D3C80070A602 /* MobileBuyersGuide.app */ = {isa = PBXFileReference; explicitFileType = wrapper.application; includeInIndex = 0; path = MobileBuyersGuide.app; sourceTree = BUILT_PRODUCTS_DIR; };
		24642A4E26C4D3C80070A602 /* AppDelegate.swift */ = {isa = PBXFileReference; lastKnownFileType = sourcecode.swift; path = AppDelegate.swift; sourceTree = "<group>"; };
		24642A5726C4D3CC0070A602 /* Assets.xcassets */ = {isa = PBXFileReference; lastKnownFileType = folder.assetcatalog; path = Assets.xcassets; sourceTree = "<group>"; };
		24642A5A26C4D3CC0070A602 /* Base */ = {isa = PBXFileReference; lastKnownFileType = file.storyboard; name = Base; path = Base.lproj/LaunchScreen.storyboard; sourceTree = "<group>"; };
		24642A5C26C4D3CC0070A602 /* Info.plist */ = {isa = PBXFileReference; lastKnownFileType = text.plist.xml; path = Info.plist; sourceTree = "<group>"; };
		24642A6726C4D55F0070A602 /* PhoneListController.swift */ = {isa = PBXFileReference; lastKnownFileType = sourcecode.swift; path = PhoneListController.swift; sourceTree = "<group>"; };
		24642A6A26C4DF280070A602 /* Color.swift */ = {isa = PBXFileReference; lastKnownFileType = sourcecode.swift; path = Color.swift; sourceTree = "<group>"; };
		24642A7626C4E8670070A602 /* Mobile.swift */ = {isa = PBXFileReference; lastKnownFileType = sourcecode.swift; path = Mobile.swift; sourceTree = "<group>"; };
		24642A7926C4E8F80070A602 /* SCBTarget.swift */ = {isa = PBXFileReference; lastKnownFileType = sourcecode.swift; path = SCBTarget.swift; sourceTree = "<group>"; };
		24642A8126C4ED8D0070A602 /* SCBRequestManager.swift */ = {isa = PBXFileReference; lastKnownFileType = sourcecode.swift; path = SCBRequestManager.swift; sourceTree = "<group>"; };
		65DE58A1ABF8BF1348FD8329 /* Pods-MobileBuyersGuide.debug.xcconfig */ = {isa = PBXFileReference; includeInIndex = 1; lastKnownFileType = text.xcconfig; name = "Pods-MobileBuyersGuide.debug.xcconfig"; path = "Target Support Files/Pods-MobileBuyersGuide/Pods-MobileBuyersGuide.debug.xcconfig"; sourceTree = "<group>"; };
		FAEC7D120E2779A254A9CFA1 /* Pods_MobileBuyersGuide.framework */ = {isa = PBXFileReference; explicitFileType = wrapper.framework; includeInIndex = 0; path = Pods_MobileBuyersGuide.framework; sourceTree = BUILT_PRODUCTS_DIR; };
/* End PBXFileReference section */

/* Begin PBXFrameworksBuildPhase section */
		24642A4826C4D3C80070A602 /* Frameworks */ = {
			isa = PBXFrameworksBuildPhase;
			buildActionMask = 2147483647;
			files = (
				C2244F00708990F8DD9D1D1A /* Pods_MobileBuyersGuide.framework in Frameworks */,
			);
			runOnlyForDeploymentPostprocessing = 0;
		};
/* End PBXFrameworksBuildPhase section */

/* Begin PBXGroup section */
		24642A4226C4D3C70070A602 = {
			isa = PBXGroup;
			children = (
				24642A4D26C4D3C80070A602 /* MobileBuyersGuide */,
				24642A4C26C4D3C80070A602 /* Products */,
				28DBE129B00CDD15F8A46FB8 /* Pods */,
				B4C1A0EFD3620C2B2FBDB286 /* Frameworks */,
			);
			sourceTree = "<group>";
		};
		24642A4C26C4D3C80070A602 /* Products */ = {
			isa = PBXGroup;
			children = (
				24642A4B26C4D3C80070A602 /* MobileBuyersGuide.app */,
			);
			name = Products;
			sourceTree = "<group>";
		};
		24642A4D26C4D3C80070A602 /* MobileBuyersGuide */ = {
			isa = PBXGroup;
			children = (
				24642A4E26C4D3C80070A602 /* AppDelegate.swift */,
				24642A7326C4E8070070A602 /* Network */,
				24642A7526C4E8550070A602 /* Models */,
				24642A8826C4F9660070A602 /* Views */,
				24642A8426C4F9350070A602 /* Controllers */,
				24642A8626C4F9550070A602 /* Utils */,
				24642A5726C4D3CC0070A602 /* Assets.xcassets */,
				24642A5C26C4D3CC0070A602 /* Info.plist */,
			);
			path = MobileBuyersGuide;
			sourceTree = "<group>";
		};
		24642A7326C4E8070070A602 /* Network */ = {
			isa = PBXGroup;
			children = (
				24642A7926C4E8F80070A602 /* SCBTarget.swift */,
				24642A8126C4ED8D0070A602 /* SCBRequestManager.swift */,
			);
			path = Network;
			sourceTree = "<group>";
		};
		24642A7526C4E8550070A602 /* Models */ = {
			isa = PBXGroup;
			children = (
				24642A7626C4E8670070A602 /* Mobile.swift */,
			);
			path = Models;
			sourceTree = "<group>";
		};
		24642A8426C4F9350070A602 /* Controllers */ = {
			isa = PBXGroup;
			children = (
				24642A6726C4D55F0070A602 /* PhoneListController.swift */,
			);
			path = Controllers;
			sourceTree = "<group>";
		};
		24642A8626C4F9550070A602 /* Utils */ = {
			isa = PBXGroup;
			children = (
				24642A6A26C4DF280070A602 /* Color.swift */,
			);
			path = Utils;
			sourceTree = "<group>";
		};
		24642A8826C4F9660070A602 /* Views */ = {
			isa = PBXGroup;
			children = (
				24642A8926C4F9730070A602 /* Storyboards */,
			);
			path = Views;
			sourceTree = "<group>";
		};
		24642A8926C4F9730070A602 /* Storyboards */ = {
			isa = PBXGroup;
			children = (
				24642A5926C4D3CC0070A602 /* LaunchScreen.storyboard */,
			);
			path = Storyboards;
			sourceTree = "<group>";
		};
		28DBE129B00CDD15F8A46FB8 /* Pods */ = {
			isa = PBXGroup;
			children = (
				65DE58A1ABF8BF1348FD8329 /* Pods-MobileBuyersGuide.debug.xcconfig */,
				15E2A3F3C83DE4DE9E05E62F /* Pods-MobileBuyersGuide.release.xcconfig */,
			);
			path = Pods;
			sourceTree = "<group>";
		};
		B4C1A0EFD3620C2B2FBDB286 /* Frameworks */ = {
			isa = PBXGroup;
			children = (
				FAEC7D120E2779A254A9CFA1 /* Pods_MobileBuyersGuide.framework */,
			);
			name = Frameworks;
			sourceTree = "<group>";
		};
/* End PBXGroup section */

/* Begin PBXNativeTarget section */
		24642A4A26C4D3C80070A602 /* MobileBuyersGuide */ = {
			isa = PBXNativeTarget;
			buildConfigurationList = 24642A5F26C4D3CC0070A602 /* Build configuration list for PBXNativeTarget "MobileBuyersGuide" */;
			buildPhases = (
				1E69411A1B2F4E12DC722C5A /* [CP] Check Pods Manifest.lock */,
				24642A4726C4D3C80070A602 /* Sources */,
				24642A4826C4D3C80070A602 /* Frameworks */,
				24642A4926C4D3C80070A602 /* Resources */,
				94BF1D53DD1BBB89A9FBE3E9 /* [CP] Embed Pods Frameworks */,
			);
			buildRules = (
			);
			dependencies = (
			);
			name = MobileBuyersGuide;
			productName = MobileBuyersGuide;
			productReference = 24642A4B26C4D3C80070A602 /* MobileBuyersGuide.app */;
			productType = "com.apple.product-type.application";
		};
/* End PBXNativeTarget section */

/* Begin PBXProject section */
		24642A4326C4D3C70070A602 /* Project object */ = {
			isa = PBXProject;
			attributes = {
				LastSwiftUpdateCheck = 1240;
				LastUpgradeCheck = 1240;
				TargetAttributes = {
					24642A4A26C4D3C80070A602 = {
						CreatedOnToolsVersion = 12.4;
					};
				};
			};
			buildConfigurationList = 24642A4626C4D3C70070A602 /* Build configuration list for PBXProject "MobileBuyersGuide" */;
			compatibilityVersion = "Xcode 9.3";
			developmentRegion = en;
			hasScannedForEncodings = 0;
			knownRegions = (
				en,
				Base,
			);
			mainGroup = 24642A4226C4D3C70070A602;
			productRefGroup = 24642A4C26C4D3C80070A602 /* Products */;
			projectDirPath = "";
			projectRoot = "";
			targets = (
				24642A4A26C4D3C80070A602 /* MobileBuyersGuide */,
			);
		};
/* End PBXProject section */

/* Begin PBXResourcesBuildPhase section */
		24642A4926C4D3C80070A602 /* Resources */ = {
			isa = PBXResourcesBuildPhase;
			buildActionMask = 2147483647;
			files = (
				24642A5B26C4D3CC0070A602 /* LaunchScreen.storyboard in Resources */,
				24642A5826C4D3CC0070A602 /* Assets.xcassets in Resources */,
			);
			runOnlyForDeploymentPostprocessing = 0;
		};
/* End PBXResourcesBuildPhase section */

/* Begin PBXShellScriptBuildPhase section */
		1E69411A1B2F4E12DC722C5A /* [CP] Check Pods Manifest.lock */ = {
			isa = PBXShellScriptBuildPhase;
			buildActionMask = 2147483647;
			files = (
			);
			inputFileListPaths = (
			);
			inputPaths = (
				"${PODS_PODFILE_DIR_PATH}/Podfile.lock",
				"${PODS_ROOT}/Manifest.lock",
			);
			name = "[CP] Check Pods Manifest.lock";
			outputFileListPaths = (
			);
			outputPaths = (
				"$(DERIVED_FILE_DIR)/Pods-MobileBuyersGuide-checkManifestLockResult.txt",
			);
			runOnlyForDeploymentPostprocessing = 0;
			shellPath = /bin/sh;
			shellScript = "diff \"${PODS_PODFILE_DIR_PATH}/Podfile.lock\" \"${PODS_ROOT}/Manifest.lock\" > /dev/null\nif [ $? != 0 ] ; then\n    # print error to STDERR\n    echo \"error: The sandbox is not in sync with the Podfile.lock. Run 'pod install' or update your CocoaPods installation.\" >&2\n    exit 1\nfi\n# This output is used by Xcode 'outputs' to avoid re-running this script phase.\necho \"SUCCESS\" > \"${SCRIPT_OUTPUT_FILE_0}\"\n";
			showEnvVarsInLog = 0;
		};
		94BF1D53DD1BBB89A9FBE3E9 /* [CP] Embed Pods Frameworks */ = {
			isa = PBXShellScriptBuildPhase;
			buildActionMask = 2147483647;
			files = (
			);
			inputFileListPaths = (
				"${PODS_ROOT}/Target Support Files/Pods-MobileBuyersGuide/Pods-MobileBuyersGuide-frameworks-${CONFIGURATION}-input-files.xcfilelist",
			);
			name = "[CP] Embed Pods Frameworks";
			outputFileListPaths = (
				"${PODS_ROOT}/Target Support Files/Pods-MobileBuyersGuide/Pods-MobileBuyersGuide-frameworks-${CONFIGURATION}-output-files.xcfilelist",
			);
			runOnlyForDeploymentPostprocessing = 0;
			shellPath = /bin/sh;
			shellScript = "\"${PODS_ROOT}/Target Support Files/Pods-MobileBuyersGuide/Pods-MobileBuyersGuide-frameworks.sh\"\n";
			showEnvVarsInLog = 0;
		};
/* End PBXShellScriptBuildPhase section */

/* Begin PBXSourcesBuildPhase section */
		24642A4726C4D3C80070A602 /* Sources */ = {
			isa = PBXSourcesBuildPhase;
			buildActionMask = 2147483647;
			files = (
				24642A8226C4ED8D0070A602 /* SCBRequestManager.swift in Sources */,
				24642A6826C4D55F0070A602 /* PhoneListController.swift in Sources */,
				24642A7726C4E8670070A602 /* Mobile.swift in Sources */,
				24642A4F26C4D3C80070A602 /* AppDelegate.swift in Sources */,
				24642A6B26C4DF280070A602 /* Color.swift in Sources */,
				24642A7A26C4E8F80070A602 /* SCBTarget.swift in Sources */,
			);
			runOnlyForDeploymentPostprocessing = 0;
		};
/* End PBXSourcesBuildPhase section */

/* Begin PBXVariantGroup section */
		24642A5926C4D3CC0070A602 /* LaunchScreen.storyboard */ = {
			isa = PBXVariantGroup;
			children = (
				24642A5A26C4D3CC0070A602 /* Base */,
			);
			name = LaunchScreen.storyboard;
			sourceTree = "<group>";
		};
/* End PBXVariantGroup section */

/* Begin XCBuildConfiguration section */
		24642A5D26C4D3CC0070A602 /* Debug */ = {
			isa = XCBuildConfiguration;
			buildSettings = {
				ALWAYS_SEARCH_USER_PATHS = NO;
				CLANG_ANALYZER_NONNULL = YES;
				CLANG_ANALYZER_NUMBER_OBJECT_CONVERSION = YES_AGGRESSIVE;
				CLANG_CXX_LANGUAGE_STANDARD = "gnu++14";
				CLANG_CXX_LIBRARY = "libc++";
				CLANG_ENABLE_MODULES = YES;
				CLANG_ENABLE_OBJC_ARC = YES;
				CLANG_ENABLE_OBJC_WEAK = YES;
				CLANG_WARN_BLOCK_CAPTURE_AUTORELEASING = YES;
				CLANG_WARN_BOOL_CONVERSION = YES;
				CLANG_WARN_COMMA = YES;
				CLANG_WARN_CONSTANT_CONVERSION = YES;
				CLANG_WARN_DEPRECATED_OBJC_IMPLEMENTATIONS = YES;
				CLANG_WARN_DIRECT_OBJC_ISA_USAGE = YES_ERROR;
				CLANG_WARN_DOCUMENTATION_COMMENTS = YES;
				CLANG_WARN_EMPTY_BODY = YES;
				CLANG_WARN_ENUM_CONVERSION = YES;
				CLANG_WARN_INFINITE_RECURSION = YES;
				CLANG_WARN_INT_CONVERSION = YES;
				CLANG_WARN_NON_LITERAL_NULL_CONVERSION = YES;
				CLANG_WARN_OBJC_IMPLICIT_RETAIN_SELF = YES;
				CLANG_WARN_OBJC_LITERAL_CONVERSION = YES;
				CLANG_WARN_OBJC_ROOT_CLASS = YES_ERROR;
				CLANG_WARN_QUOTED_INCLUDE_IN_FRAMEWORK_HEADER = YES;
				CLANG_WARN_RANGE_LOOP_ANALYSIS = YES;
				CLANG_WARN_STRICT_PROTOTYPES = YES;
				CLANG_WARN_SUSPICIOUS_MOVE = YES;
				CLANG_WARN_UNGUARDED_AVAILABILITY = YES_AGGRESSIVE;
				CLANG_WARN_UNREACHABLE_CODE = YES;
				CLANG_WARN__DUPLICATE_METHOD_MATCH = YES;
				COPY_PHASE_STRIP = NO;
				DEBUG_INFORMATION_FORMAT = dwarf;
				ENABLE_STRICT_OBJC_MSGSEND = YES;
				ENABLE_TESTABILITY = YES;
				GCC_C_LANGUAGE_STANDARD = gnu11;
				GCC_DYNAMIC_NO_PIC = NO;
				GCC_NO_COMMON_BLOCKS = YES;
				GCC_OPTIMIZATION_LEVEL = 0;
				GCC_PREPROCESSOR_DEFINITIONS = (
					"DEBUG=1",
					"$(inherited)",
				);
				GCC_WARN_64_TO_32_BIT_CONVERSION = YES;
				GCC_WARN_ABOUT_RETURN_TYPE = YES_ERROR;
				GCC_WARN_UNDECLARED_SELECTOR = YES;
				GCC_WARN_UNINITIALIZED_AUTOS = YES_AGGRESSIVE;
				GCC_WARN_UNUSED_FUNCTION = YES;
				GCC_WARN_UNUSED_VARIABLE = YES;
				IPHONEOS_DEPLOYMENT_TARGET = 14.4;
				MTL_ENABLE_DEBUG_INFO = INCLUDE_SOURCE;
				MTL_FAST_MATH = YES;
				ONLY_ACTIVE_ARCH = YES;
				SDKROOT = iphoneos;
				SWIFT_ACTIVE_COMPILATION_CONDITIONS = DEBUG;
				SWIFT_OPTIMIZATION_LEVEL = "-Onone";
			};
			name = Debug;
		};
		24642A5E26C4D3CC0070A602 /* Release */ = {
			isa = XCBuildConfiguration;
			buildSettings = {
				ALWAYS_SEARCH_USER_PATHS = NO;
				CLANG_ANALYZER_NONNULL = YES;
				CLANG_ANALYZER_NUMBER_OBJECT_CONVERSION = YES_AGGRESSIVE;
				CLANG_CXX_LANGUAGE_STANDARD = "gnu++14";
				CLANG_CXX_LIBRARY = "libc++";
				CLANG_ENABLE_MODULES = YES;
				CLANG_ENABLE_OBJC_ARC = YES;
				CLANG_ENABLE_OBJC_WEAK = YES;
				CLANG_WARN_BLOCK_CAPTURE_AUTORELEASING = YES;
				CLANG_WARN_BOOL_CONVERSION = YES;
				CLANG_WARN_COMMA = YES;
				CLANG_WARN_CONSTANT_CONVERSION = YES;
				CLANG_WARN_DEPRECATED_OBJC_IMPLEMENTATIONS = YES;
				CLANG_WARN_DIRECT_OBJC_ISA_USAGE = YES_ERROR;
				CLANG_WARN_DOCUMENTATION_COMMENTS = YES;
				CLANG_WARN_EMPTY_BODY = YES;
				CLANG_WARN_ENUM_CONVERSION = YES;
				CLANG_WARN_INFINITE_RECURSION = YES;
				CLANG_WARN_INT_CONVERSION = YES;
				CLANG_WARN_NON_LITERAL_NULL_CONVERSION = YES;
				CLANG_WARN_OBJC_IMPLICIT_RETAIN_SELF = YES;
				CLANG_WARN_OBJC_LITERAL_CONVERSION = YES;
				CLANG_WARN_OBJC_ROOT_CLASS = YES_ERROR;
				CLANG_WARN_QUOTED_INCLUDE_IN_FRAMEWORK_HEADER = YES;
				CLANG_WARN_RANGE_LOOP_ANALYSIS = YES;
				CLANG_WARN_STRICT_PROTOTYPES = YES;
				CLANG_WARN_SUSPICIOUS_MOVE = YES;
				CLANG_WARN_UNGUARDED_AVAILABILITY = YES_AGGRESSIVE;
				CLANG_WARN_UNREACHABLE_CODE = YES;
				CLANG_WARN__DUPLICATE_METHOD_MATCH = YES;
				COPY_PHASE_STRIP = NO;
				DEBUG_INFORMATION_FORMAT = "dwarf-with-dsym";
				ENABLE_NS_ASSERTIONS = NO;
				ENABLE_STRICT_OBJC_MSGSEND = YES;
				GCC_C_LANGUAGE_STANDARD = gnu11;
				GCC_NO_COMMON_BLOCKS = YES;
				GCC_WARN_64_TO_32_BIT_CONVERSION = YES;
				GCC_WARN_ABOUT_RETURN_TYPE = YES_ERROR;
				GCC_WARN_UNDECLARED_SELECTOR = YES;
				GCC_WARN_UNINITIALIZED_AUTOS = YES_AGGRESSIVE;
				GCC_WARN_UNUSED_FUNCTION = YES;
				GCC_WARN_UNUSED_VARIABLE = YES;
				IPHONEOS_DEPLOYMENT_TARGET = 14.4;
				MTL_ENABLE_DEBUG_INFO = NO;
				MTL_FAST_MATH = YES;
				SDKROOT = iphoneos;
				SWIFT_COMPILATION_MODE = wholemodule;
				SWIFT_OPTIMIZATION_LEVEL = "-O";
				VALIDATE_PRODUCT = YES;
			};
			name = Release;
		};
		24642A6026C4D3CC0070A602 /* Debug */ = {
			isa = XCBuildConfiguration;
			baseConfigurationReference = 65DE58A1ABF8BF1348FD8329 /* Pods-MobileBuyersGuide.debug.xcconfig */;
			buildSettings = {
				ASSETCATALOG_COMPILER_APPICON_NAME = AppIcon;
				ASSETCATALOG_COMPILER_GLOBAL_ACCENT_COLOR_NAME = AccentColor;
				CODE_SIGN_STYLE = Automatic;
				DEVELOPMENT_TEAM = 9PYG64528E;
				INFOPLIST_FILE = MobileBuyersGuide/Info.plist;
				IPHONEOS_DEPLOYMENT_TARGET = 11.0;
				LD_RUNPATH_SEARCH_PATHS = (
					"$(inherited)",
					"@executable_path/Frameworks",
				);
				PRODUCT_BUNDLE_IDENTIFIER = com.atikur.MobileBuyersGuide;
				PRODUCT_NAME = "$(TARGET_NAME)";
				SWIFT_VERSION = 5.0;
				TARGETED_DEVICE_FAMILY = "1,2";
			};
			name = Debug;
		};
		24642A6126C4D3CC0070A602 /* Release */ = {
			isa = XCBuildConfiguration;
			baseConfigurationReference = 15E2A3F3C83DE4DE9E05E62F /* Pods-MobileBuyersGuide.release.xcconfig */;
			buildSettings = {
				ASSETCATALOG_COMPILER_APPICON_NAME = AppIcon;
				ASSETCATALOG_COMPILER_GLOBAL_ACCENT_COLOR_NAME = AccentColor;
				CODE_SIGN_STYLE = Automatic;
				DEVELOPMENT_TEAM = 9PYG64528E;
				INFOPLIST_FILE = MobileBuyersGuide/Info.plist;
				IPHONEOS_DEPLOYMENT_TARGET = 11.0;
				LD_RUNPATH_SEARCH_PATHS = (
					"$(inherited)",
					"@executable_path/Frameworks",
				);
				PRODUCT_BUNDLE_IDENTIFIER = com.atikur.MobileBuyersGuide;
				PRODUCT_NAME = "$(TARGET_NAME)";
				SWIFT_VERSION = 5.0;
				TARGETED_DEVICE_FAMILY = "1,2";
			};
			name = Release;
		};
/* End XCBuildConfiguration section */

/* Begin XCConfigurationList section */
		24642A4626C4D3C70070A602 /* Build configuration list for PBXProject "MobileBuyersGuide" */ = {
			isa = XCConfigurationList;
			buildConfigurations = (
				24642A5D26C4D3CC0070A602 /* Debug */,
				24642A5E26C4D3CC0070A602 /* Release */,
			);
			defaultConfigurationIsVisible = 0;
			defaultConfigurationName = Release;
		};
		24642A5F26C4D3CC0070A602 /* Build configuration list for PBXNativeTarget "MobileBuyersGuide" */ = {
			isa = XCConfigurationList;
			buildConfigurations = (
				24642A6026C4D3CC0070A602 /* Debug */,
				24642A6126C4D3CC0070A602 /* Release */,
			);
			defaultConfigurationIsVisible = 0;
			defaultConfigurationName = Release;
		};
/* End XCConfigurationList section */
	};
	rootObject = 24642A4326C4D3C70070A602 /* Project object */;
}
